
Microsoft Visual Studio Solution File, Format Version 12.00
Project("{FAE04EC0-301F-11D3-BF4B-00C04F79EFBC}") = "AdapterFacade", "AdapterFacade\AdapterFacade.csproj", "{F07D0BFA-5635-4E6A-AAA6-3EDC96A40599}"
EndProject
Project("{FAE04EC0-301F-11D3-BF4B-00C04F79EFBC}") = "OrderSource", "OrderSource\OrderSource.csproj", "{74A8DFB4-CB1A-4748-BE5B-39A9293405D7}"
EndProject
Project("{FAE04EC0-301F-11D3-BF4B-00C04F79EFBC}") = "AbonentSource", "AbonentSource\AbonentSource.csproj", "{4F063D9D-DE7E-47C8-AFCD-093AEF648351}"
EndProject
Project("{FAE04EC0-301F-11D3-BF4B-00C04F79EFBC}") = "AbonentClient", "AbonentClient\AbonentClient.csproj", "{5E010DD1-DF1C-4D31-AA7C-1069B052A06C}"
EndProject
Project("{FAE04EC0-301F-11D3-BF4B-00C04F79EFBC}") = "Protos", "Protos\Protos.csproj", "{D8836F80-22DC-45D5-BC14-DF052BF96996}"
EndProject
Project("{FAE04EC0-301F-11D3-BF4B-00C04F79EFBC}") = "OrderClient", "OrderClient\OrderClient.csproj", "{0BAD5274-F6A6-4358-AA47-64CD11D6062C}"
EndProject
Project("{2150E333-8FDC-42A3-9474-1A3956D46DE8}") = "Solution Items", "Solution Items", "{F2E76885-9A1F-419B-9E64-F3FDFA881B02}"
	ProjectSection(SolutionItems) = preProject
		plans\order-adapter-refactor.md = plans\order-adapter-refactor.md
		plans\order-adapter-refactor-schemafirst.md = plans\order-adapter-refactor-schemafirst.md
		plans\order-adapter-streaming-resolvers.md = plans\order-adapter-streaming-resolvers.md
		plans\order-adapter-resolver-streaming-options.md = plans\order-adapter-resolver-streaming-options.md
		plans\custom-request-executor.md = plans\custom-request-executor.md
	EndProjectSection
EndProject
Global
	GlobalSection(SolutionConfigurationPlatforms) = preSolution
		Debug|Any CPU = Debug|Any CPU
		Debug|x64 = Debug|x64
		Debug|x86 = Debug|x86
		Release|Any CPU = Release|Any CPU
		Release|x64 = Release|x64
		Release|x86 = Release|x86
	EndGlobalSection
	GlobalSection(ProjectConfigurationPlatforms) = postSolution
		{F07D0BFA-5635-4E6A-AAA6-3EDC96A40599}.Debug|Any CPU.ActiveCfg = Debug|Any CPU
		{F07D0BFA-5635-4E6A-AAA6-3EDC96A40599}.Debug|Any CPU.Build.0 = Debug|Any CPU
		{F07D0BFA-5635-4E6A-AAA6-3EDC96A40599}.Debug|x64.ActiveCfg = Debug|Any CPU
		{F07D0BFA-5635-4E6A-AAA6-3EDC96A40599}.Debug|x64.Build.0 = Debug|Any CPU
		{F07D0BFA-5635-4E6A-AAA6-3EDC96A40599}.Debug|x86.ActiveCfg = Debug|Any CPU
		{F07D0BFA-5635-4E6A-AAA6-3EDC96A40599}.Debug|x86.Build.0 = Debug|Any CPU
		{F07D0BFA-5635-4E6A-AAA6-3EDC96A40599}.Release|Any CPU.ActiveCfg = Release|Any CPU
		{F07D0BFA-5635-4E6A-AAA6-3EDC96A40599}.Release|Any CPU.Build.0 = Release|Any CPU
		{F07D0BFA-5635-4E6A-AAA6-3EDC96A40599}.Release|x64.ActiveCfg = Release|Any CPU
		{F07D0BFA-5635-4E6A-AAA6-3EDC96A40599}.Release|x64.Build.0 = Release|Any CPU
		{F07D0BFA-5635-4E6A-AAA6-3EDC96A40599}.Release|x86.ActiveCfg = Release|Any CPU
		{F07D0BFA-5635-4E6A-AAA6-3EDC96A40599}.Release|x86.Build.0 = Release|Any CPU
		{74A8DFB4-CB1A-4748-BE5B-39A9293405D7}.Debug|Any CPU.ActiveCfg = Debug|Any CPU
		{74A8DFB4-CB1A-4748-BE5B-39A9293405D7}.Debug|Any CPU.Build.0 = Debug|Any CPU
		{74A8DFB4-CB1A-4748-BE5B-39A9293405D7}.Debug|x64.ActiveCfg = Debug|Any CPU
		{74A8DFB4-CB1A-4748-BE5B-39A9293405D7}.Debug|x64.Build.0 = Debug|Any CPU
		{74A8DFB4-CB1A-4748-BE5B-39A9293405D7}.Debug|x86.ActiveCfg = Debug|Any CPU
		{74A8DFB4-CB1A-4748-BE5B-39A9293405D7}.Debug|x86.Build.0 = Debug|Any CPU
		{74A8DFB4-CB1A-4748-BE5B-39A9293405D7}.Release|Any CPU.ActiveCfg = Release|Any CPU
		{74A8DFB4-CB1A-4748-BE5B-39A9293405D7}.Release|Any CPU.Build.0 = Release|Any CPU
		{74A8DFB4-CB1A-4748-BE5B-39A9293405D7}.Release|x64.ActiveCfg = Release|Any CPU
		{74A8DFB4-CB1A-4748-BE5B-39A9293405D7}.Release|x64.Build.0 = Release|Any CPU
		{74A8DFB4-CB1A-4748-BE5B-39A9293405D7}.Release|x86.ActiveCfg = Release|Any CPU
		{74A8DFB4-CB1A-4748-BE5B-39A9293405D7}.Release|x86.Build.0 = Release|Any CPU
		{4F063D9D-DE7E-47C8-AFCD-093AEF648351}.Debug|Any CPU.ActiveCfg = Debug|Any CPU
		{4F063D9D-DE7E-47C8-AFCD-093AEF648351}.Debug|Any CPU.Build.0 = Debug|Any CPU
		{4F063D9D-DE7E-47C8-AFCD-093AEF648351}.Debug|x64.ActiveCfg = Debug|Any CPU
		{4F063D9D-DE7E-47C8-AFCD-093AEF648351}.Debug|x64.Build.0 = Debug|Any CPU
		{4F063D9D-DE7E-47C8-AFCD-093AEF648351}.Debug|x86.ActiveCfg = Debug|Any CPU
		{4F063D9D-DE7E-47C8-AFCD-093AEF648351}.Debug|x86.Build.0 = Debug|Any CPU
		{4F063D9D-DE7E-47C8-AFCD-093AEF648351}.Release|Any CPU.ActiveCfg = Release|Any CPU
		{4F063D9D-DE7E-47C8-AFCD-093AEF648351}.Release|Any CPU.Build.0 = Release|Any CPU
		{4F063D9D-DE7E-47C8-AFCD-093AEF648351}.Release|x64.ActiveCfg = Release|Any CPU
		{4F063D9D-DE7E-47C8-AFCD-093AEF648351}.Release|x64.Build.0 = Release|Any CPU
		{4F063D9D-DE7E-47C8-AFCD-093AEF648351}.Release|x86.ActiveCfg = Release|Any CPU
		{4F063D9D-DE7E-47C8-AFCD-093AEF648351}.Release|x86.Build.0 = Release|Any CPU
		{5E010DD1-DF1C-4D31-AA7C-1069B052A06C}.Debug|Any CPU.ActiveCfg = Debug|Any CPU
		{5E010DD1-DF1C-4D31-AA7C-1069B052A06C}.Debug|Any CPU.Build.0 = Debug|Any CPU
		{5E010DD1-DF1C-4D31-AA7C-1069B052A06C}.Debug|x64.ActiveCfg = Debug|Any CPU
		{5E010DD1-DF1C-4D31-AA7C-1069B052A06C}.Debug|x64.Build.0 = Debug|Any CPU
		{5E010DD1-DF1C-4D31-AA7C-1069B052A06C}.Debug|x86.ActiveCfg = Debug|Any CPU
		{5E010DD1-DF1C-4D31-AA7C-1069B052A06C}.Debug|x86.Build.0 = Debug|Any CPU
		{5E010DD1-DF1C-4D31-AA7C-1069B052A06C}.Release|Any CPU.ActiveCfg = Release|Any CPU
		{5E010DD1-DF1C-4D31-AA7C-1069B052A06C}.Release|Any CPU.Build.0 = Release|Any CPU
		{5E010DD1-DF1C-4D31-AA7C-1069B052A06C}.Release|x64.ActiveCfg = Release|Any CPU
		{5E010DD1-DF1C-4D31-AA7C-1069B052A06C}.Release|x64.Build.0 = Release|Any CPU
		{5E010DD1-DF1C-4D31-AA7C-1069B052A06C}.Release|x86.ActiveCfg = Release|Any CPU
		{5E010DD1-DF1C-4D31-AA7C-1069B052A06C}.Release|x86.Build.0 = Release|Any CPU
		{D8836F80-22DC-45D5-BC14-DF052BF96996}.Debug|Any CPU.ActiveCfg = Debug|Any CPU
		{D8836F80-22DC-45D5-BC14-DF052BF96996}.Debug|Any CPU.Build.0 = Debug|Any CPU
		{D8836F80-22DC-45D5-BC14-DF052BF96996}.Debug|x64.ActiveCfg = Debug|Any CPU
		{D8836F80-22DC-45D5-BC14-DF052BF96996}.Debug|x64.Build.0 = Debug|Any CPU
		{D8836F80-22DC-45D5-BC14-DF052BF96996}.Debug|x86.ActiveCfg = Debug|Any CPU
		{D8836F80-22DC-45D5-BC14-DF052BF96996}.Debug|x86.Build.0 = Debug|Any CPU
		{D8836F80-22DC-45D5-BC14-DF052BF96996}.Release|Any CPU.ActiveCfg = Release|Any CPU
		{D8836F80-22DC-45D5-BC14-DF052BF96996}.Release|Any CPU.Build.0 = Release|Any CPU
		{D8836F80-22DC-45D5-BC14-DF052BF96996}.Release|x64.ActiveCfg = Release|Any CPU
		{D8836F80-22DC-45D5-BC14-DF052BF96996}.Release|x64.Build.0 = Release|Any CPU
		{D8836F80-22DC-45D5-BC14-DF052BF96996}.Release|x86.ActiveCfg = Release|Any CPU
		{D8836F80-22DC-45D5-BC14-DF052BF96996}.Release|x86.Build.0 = Release|Any CPU
		{0BAD5274-F6A6-4358-AA47-64CD11D6062C}.Debug|Any CPU.ActiveCfg = Debug|Any CPU
		{0BAD5274-F6A6-4358-AA47-64CD11D6062C}.Debug|Any CPU.Build.0 = Debug|Any CPU
		{0BAD5274-F6A6-4358-AA47-64CD11D6062C}.Debug|x64.ActiveCfg = Debug|Any CPU
		{0BAD5274-F6A6-4358-AA47-64CD11D6062C}.Debug|x64.Build.0 = Debug|Any CPU
		{0BAD5274-F6A6-4358-AA47-64CD11D6062C}.Debug|x86.ActiveCfg = Debug|Any CPU
		{0BAD5274-F6A6-4358-AA47-64CD11D6062C}.Debug|x86.Build.0 = Debug|Any CPU
		{0BAD5274-F6A6-4358-AA47-64CD11D6062C}.Release|Any CPU.ActiveCfg = Release|Any CPU
		{0BAD5274-F6A6-4358-AA47-64CD11D6062C}.Release|Any CPU.Build.0 = Release|Any CPU
		{0BAD5274-F6A6-4358-AA47-64CD11D6062C}.Release|x64.ActiveCfg = Release|Any CPU
		{0BAD5274-F6A6-4358-AA47-64CD11D6062C}.Release|x64.Build.0 = Release|Any CPU
		{0BAD5274-F6A6-4358-AA47-64CD11D6062C}.Release|x86.ActiveCfg = Release|Any CPU
		{0BAD5274-F6A6-4358-AA47-64CD11D6062C}.Release|x86.Build.0 = Release|Any CPU
	EndGlobalSection
	GlobalSection(SolutionProperties) = preSolution
		HideSolutionNode = FALSE
	EndGlobalSection
EndGlobal
